
Microsoft Visual Studio Solution File, Format Version 12.00
# Visual Studio 15
VisualStudioVersion = 15.0.27703.2000
MinimumVisualStudioVersion = 10.0.40219.1
Project("{8BC9CEB8-8B4A-11D0-8D11-00A0C91BC942}") = "WORINIMA", "WORINIMA\WORINIMA.vcxproj", "{C624F1FE-3FEE-457A-A739-DF5C311768EC}"
EndProject
Global
	GlobalSection(SolutionConfigurationPlatforms) = preSolution
		Debug|x64 = Debug|x64
		Debug|x86 = Debug|x86
		Release|x64 = Release|x64
		Release|x86 = Release|x86
	EndGlobalSection
	GlobalSection(ProjectConfigurationPlatforms) = postSolution
		{C624F1FE-3FEE-457A-A739-DF5C311768EC}.Debug|x64.ActiveCfg = Debug|x64
		{C624F1FE-3FEE-457A-A739-DF5C311768EC}.Debug|x64.Build.0 = Debug|x64
		{C624F1FE-3FEE-457A-A739-DF5C311768EC}.Debug|x86.ActiveCfg = Debug|Win32
		{C624F1FE-3FEE-457A-A739-DF5C311768EC}.Debug|x86.Build.0 = Debug|Win32
		{C624F1FE-3FEE-457A-A739-DF5C311768EC}.Release|x64.ActiveCfg = Release|x64
		{C624F1FE-3FEE-457A-A739-DF5C311768EC}.Release|x64.Build.0 = Release|x64
		{C624F1FE-3FEE-457A-A739-DF5C311768EC}.Release|x86.ActiveCfg = Release|Win32
		{C624F1FE-3FEE-457A-A739-DF5C311768EC}.Release|x86.Build.0 = Release|Win32
	EndGlobalSection
	GlobalSection(SolutionProperties) = preSolution
		HideSolutionNode = FALSE
	EndGlobalSection
	GlobalSection(ExtensibilityGlobals) = postSolution
		SolutionGuid = {9BCD59D4-27D4-4D68-A0B3-BA4DAC1E9DE1}
	EndGlobalSection
EndGlobal
